// !$*UTF8*$!
{
	archiveVersion = 1;
	classes = {
	};
	objectVersion = 56;
	objects = {

/* Begin PBXBuildFile section */
		9D5EE73E8F8C4D0C7E4E968F /* libPods-GoogleMap_Demo.a in Frameworks */ = {isa = PBXBuildFile; fileRef = 12D9563794ECCB6C94893776 /* libPods-GoogleMap_Demo.a */; };
		BD7BAD982C79A1E7008BE52C /* AppDelegate.swift in Sources */ = {isa = PBXBuildFile; fileRef = BD7BAD972C79A1E7008BE52C /* AppDelegate.swift */; };
		BD7BAD9A2C79A1E7008BE52C /* SceneDelegate.swift in Sources */ = {isa = PBXBuildFile; fileRef = BD7BAD992C79A1E7008BE52C /* SceneDelegate.swift */; };
		BD7BAD9C2C79A1E7008BE52C /* ViewController.swift in Sources */ = {isa = PBXBuildFile; fileRef = BD7BAD9B2C79A1E7008BE52C /* ViewController.swift */; };
		BD7BAD9F2C79A1E7008BE52C /* Main.storyboard in Resources */ = {isa = PBXBuildFile; fileRef = BD7BAD9D2C79A1E7008BE52C /* Main.storyboard */; };
		BD7BADA12C79A1E9008BE52C /* Assets.xcassets in Resources */ = {isa = PBXBuildFile; fileRef = BD7BADA02C79A1E9008BE52C /* Assets.xcassets */; };
		BD7BADA42C79A1E9008BE52C /* LaunchScreen.storyboard in Resources */ = {isa = PBXBuildFile; fileRef = BD7BADA22C79A1E9008BE52C /* LaunchScreen.storyboard */; };
		BD7BADAC2C79A27B008BE52C /* SDKConstants.swift in Sources */ = {isa = PBXBuildFile; fileRef = BD7BADAB2C79A27B008BE52C /* SDKConstants.swift */; };
		BD7BADAE2C79A28A008BE52C /* MyLocationViewController.swift in Sources */ = {isa = PBXBuildFile; fileRef = BD7BADAD2C79A28A008BE52C /* MyLocationViewController.swift */; };
		BD7BAF002C79D505008BE52C /* InfoPlist.strings in Resources */ = {isa = PBXBuildFile; fileRef = BD7BAEA82C79D505008BE52C /* InfoPlist.strings */; };
		BD7BAF012C79D505008BE52C /* step5.png in Resources */ = {isa = PBXBuildFile; fileRef = BD7BAEAA2C79D505008BE52C /* step5.png */; };
		BD7BAF022C79D505008BE52C /* step1@2x.png in Resources */ = {isa = PBXBuildFile; fileRef = BD7BAEAC2C79D505008BE52C /* step1@2x.png */; };
		BD7BAF032C79D505008BE52C /* step4.png in Resources */ = {isa = PBXBuildFile; fileRef = BD7BAEAE2C79D505008BE52C /* step4.png */; };
		BD7BAF042C79D505008BE52C /* argentina.png in Resources */ = {isa = PBXBuildFile; fileRef = BD7BAEB02C79D505008BE52C /* argentina.png */; };
		BD7BAF052C79D505008BE52C /* boat.png in Resources */ = {isa = PBXBuildFile; fileRef = BD7BAEB22C79D505008BE52C /* boat.png */; };
		BD7BAF062C79D505008BE52C /* aeroplane@2x.png in Resources */ = {isa = PBXBuildFile; fileRef = BD7BAEB32C79D505008BE52C /* aeroplane@2x.png */; };
		BD7BAF072C79D505008BE52C /* step6.png in Resources */ = {isa = PBXBuildFile; fileRef = BD7BAEB42C79D505008BE52C /* step6.png */; };
		BD7BAF082C79D505008BE52C /* mapstyle-night.json in Resources */ = {isa = PBXBuildFile; fileRef = BD7BAEB52C79D505008BE52C /* mapstyle-night.json */; };
		BD7BAF0A2C79D505008BE52C /* step7.png in Resources */ = {isa = PBXBuildFile; fileRef = BD7BAEB82C79D505008BE52C /* step7.png */; };
		BD7BAF0B2C79D506008BE52C /* walking_dot@3x.png in Resources */ = {isa = PBXBuildFile; fileRef = BD7BAEB92C79D505008BE52C /* walking_dot@3x.png */; };
		BD7BAF0C2C79D506008BE52C /* aeroplane.png in Resources */ = {isa = PBXBuildFile; fileRef = BD7BAEBB2C79D505008BE52C /* aeroplane.png */; };
		BD7BAF0D2C79D506008BE52C /* newark_nj_1922.jpg in Resources */ = {isa = PBXBuildFile; fileRef = BD7BAEBC2C79D505008BE52C /* newark_nj_1922.jpg */; };
		BD7BAF0E2C79D506008BE52C /* botswana-large.png in Resources */ = {isa = PBXBuildFile; fileRef = BD7BAEBD2C79D505008BE52C /* botswana-large.png */; };
		BD7BAF0F2C79D506008BE52C /* step3.png in Resources */ = {isa = PBXBuildFile; fileRef = BD7BAEBF2C79D505008BE52C /* step3.png */; };
		BD7BAF102C79D506008BE52C /* walking_dot@2x.png in Resources */ = {isa = PBXBuildFile; fileRef = BD7BAEC02C79D505008BE52C /* walking_dot@2x.png */; };
		BD7BAF112C79D506008BE52C /* step2.png in Resources */ = {isa = PBXBuildFile; fileRef = BD7BAEC12C79D505008BE52C /* step2.png */; };
		BD7BAF122C79D506008BE52C /* popup_santa@2x.png in Resources */ = {isa = PBXBuildFile; fileRef = BD7BAEC32C79D505008BE52C /* popup_santa@2x.png */; };
		BD7BAF132C79D506008BE52C /* glow-marker.png in Resources */ = {isa = PBXBuildFile; fileRef = BD7BAEC52C79D505008BE52C /* glow-marker.png */; };
		BD7BAF142C79D506008BE52C /* step1.png in Resources */ = {isa = PBXBuildFile; fileRef = BD7BAEC62C79D505008BE52C /* step1.png */; };
		BD7BAF152C79D506008BE52C /* step3@2x.png in Resources */ = {isa = PBXBuildFile; fileRef = BD7BAEC82C79D505008BE52C /* step3@2x.png */; };
		BD7BAF162C79D506008BE52C /* mapstyle-retro.json in Resources */ = {isa = PBXBuildFile; fileRef = BD7BAEC92C79D505008BE52C /* mapstyle-retro.json */; };
		BD7BAF172C79D506008BE52C /* australia.png in Resources */ = {isa = PBXBuildFile; fileRef = BD7BAECB2C79D505008BE52C /* australia.png */; };
		BD7BAF182C79D506008BE52C /* step7@2x.png in Resources */ = {isa = PBXBuildFile; fileRef = BD7BAECE2C79D505008BE52C /* step7@2x.png */; };
		BD7BAF192C79D506008BE52C /* arrow@2x.png in Resources */ = {isa = PBXBuildFile; fileRef = BD7BAECF2C79D505008BE52C /* arrow@2x.png */; };
		BD7BAF1A2C79D506008BE52C /* glow-marker@2x.png in Resources */ = {isa = PBXBuildFile; fileRef = BD7BAED02C79D505008BE52C /* glow-marker@2x.png */; };
		BD7BAF1B2C79D506008BE52C /* step5@2x.png in Resources */ = {isa = PBXBuildFile; fileRef = BD7BAED32C79D505008BE52C /* step5@2x.png */; };
		BD7BAF1C2C79D506008BE52C /* australia-large@2x.png in Resources */ = {isa = PBXBuildFile; fileRef = BD7BAED42C79D505008BE52C /* australia-large@2x.png */; };
		BD7BAF1D2C79D506008BE52C /* arrow.png in Resources */ = {isa = PBXBuildFile; fileRef = BD7BAED52C79D505008BE52C /* arrow.png */; };
		BD7BAF1E2C79D506008BE52C /* boat@2x.png in Resources */ = {isa = PBXBuildFile; fileRef = BD7BAED82C79D505008BE52C /* boat@2x.png */; };
		BD7BAF1F2C79D506008BE52C /* x29@2x.png in Resources */ = {isa = PBXBuildFile; fileRef = BD7BAEDB2C79D505008BE52C /* x29@2x.png */; };
		BD7BAF202C79D506008BE52C /* spitfire.png in Resources */ = {isa = PBXBuildFile; fileRef = BD7BAEDC2C79D505008BE52C /* spitfire.png */; };
		BD7BAF212C79D506008BE52C /* h1@2x.png in Resources */ = {isa = PBXBuildFile; fileRef = BD7BAEDD2C79D505008BE52C /* h1@2x.png */; };
		BD7BAF222C79D506008BE52C /* spitfire@2x.png in Resources */ = {isa = PBXBuildFile; fileRef = BD7BAEDE2C79D505008BE52C /* spitfire@2x.png */; };
		BD7BAF232C79D506008BE52C /* h1.png in Resources */ = {isa = PBXBuildFile; fileRef = BD7BAEDF2C79D505008BE52C /* h1.png */; };
		BD7BAF242C79D506008BE52C /* voyager.png in Resources */ = {isa = PBXBuildFile; fileRef = BD7BAEE02C79D505008BE52C /* voyager.png */; };
		BD7BAF252C79D506008BE52C /* x29.png in Resources */ = {isa = PBXBuildFile; fileRef = BD7BAEE12C79D505008BE52C /* x29.png */; };
		BD7BAF262C79D506008BE52C /* voyager@2x.png in Resources */ = {isa = PBXBuildFile; fileRef = BD7BAEE22C79D505008BE52C /* voyager@2x.png */; };
		BD7BAF272C79D506008BE52C /* bulgaria.png in Resources */ = {isa = PBXBuildFile; fileRef = BD7BAEE32C79D505008BE52C /* bulgaria.png */; };
		BD7BAF282C79D506008BE52C /* bulgaria-large.png in Resources */ = {isa = PBXBuildFile; fileRef = BD7BAEE42C79D505008BE52C /* bulgaria-large.png */; };
		BD7BAF292C79D506008BE52C /* argentina-large.png in Resources */ = {isa = PBXBuildFile; fileRef = BD7BAEE62C79D505008BE52C /* argentina-large.png */; };
		BD7BAF2A2C79D506008BE52C /* step2@2x.png in Resources */ = {isa = PBXBuildFile; fileRef = BD7BAEEA2C79D505008BE52C /* step2@2x.png */; };
		BD7BAF2B2C79D506008BE52C /* popup_santa.png in Resources */ = {isa = PBXBuildFile; fileRef = BD7BAEEC2C79D505008BE52C /* popup_santa.png */; };
		BD7BAF2C2C79D506008BE52C /* mapstyle-silver.json in Resources */ = {isa = PBXBuildFile; fileRef = BD7BAEEE2C79D505008BE52C /* mapstyle-silver.json */; };
		BD7BAF2D2C79D506008BE52C /* step6@2x.png in Resources */ = {isa = PBXBuildFile; fileRef = BD7BAEEF2C79D505008BE52C /* step6@2x.png */; };
		BD7BAF2E2C79D506008BE52C /* track.json in Resources */ = {isa = PBXBuildFile; fileRef = BD7BAEF22C79D505008BE52C /* track.json */; };
		BD7BAF2F2C79D506008BE52C /* museum-exhibits.json in Resources */ = {isa = PBXBuildFile; fileRef = BD7BAEF82C79D505008BE52C /* museum-exhibits.json */; };
		BD7BAF302C79D506008BE52C /* step8@2x.png in Resources */ = {isa = PBXBuildFile; fileRef = BD7BAEF92C79D505008BE52C /* step8@2x.png */; };
		BD7BAF312C79D506008BE52C /* step8.png in Resources */ = {isa = PBXBuildFile; fileRef = BD7BAEFB2C79D505008BE52C /* step8.png */; };
		BD7BAF322C79D506008BE52C /* australia-large.png in Resources */ = {isa = PBXBuildFile; fileRef = BD7BAEFC2C79D505008BE52C /* australia-large.png */; };
		BD7BAF332C79D506008BE52C /* botswana.png in Resources */ = {isa = PBXBuildFile; fileRef = BD7BAEFE2C79D505008BE52C /* botswana.png */; };
		BD7BAF342C79D506008BE52C /* step4@2x.png in Resources */ = {isa = PBXBuildFile; fileRef = BD7BAEFF2C79D505008BE52C /* step4@2x.png */; };
/* End PBXBuildFile section */

/* Begin PBXFileReference section */
		12D9563794ECCB6C94893776 /* libPods-GoogleMap_Demo.a */ = {isa = PBXFileReference; explicitFileType = archive.ar; includeInIndex = 0; path = "libPods-GoogleMap_Demo.a"; sourceTree = BUILT_PRODUCTS_DIR; };
		81FCD54670B39A07B81B4704 /* Pods-GoogleMap_Demo.debug.xcconfig */ = {isa = PBXFileReference; includeInIndex = 1; lastKnownFileType = text.xcconfig; name = "Pods-GoogleMap_Demo.debug.xcconfig"; path = "Target Support Files/Pods-GoogleMap_Demo/Pods-GoogleMap_Demo.debug.xcconfig"; sourceTree = "<group>"; };
		BD7BAD942C79A1E7008BE52C /* GoogleMap_Demo.app */ = {isa = PBXFileReference; explicitFileType = wrapper.application; includeInIndex = 0; path = GoogleMap_Demo.app; sourceTree = BUILT_PRODUCTS_DIR; };
		BD7BAD972C79A1E7008BE52C /* AppDelegate.swift */ = {isa = PBXFileReference; lastKnownFileType = sourcecode.swift; path = AppDelegate.swift; sourceTree = "<group>"; };
		BD7BAD992C79A1E7008BE52C /* SceneDelegate.swift */ = {isa = PBXFileReference; lastKnownFileType = sourcecode.swift; path = SceneDelegate.swift; sourceTree = "<group>"; };
		BD7BAD9B2C79A1E7008BE52C /* ViewController.swift */ = {isa = PBXFileReference; lastKnownFileType = sourcecode.swift; path = ViewController.swift; sourceTree = "<group>"; };
		BD7BAD9E2C79A1E7008BE52C /* Base */ = {isa = PBXFileReference; lastKnownFileType = file.storyboard; name = Base; path = Base.lproj/Main.storyboard; sourceTree = "<group>"; };
		BD7BADA02C79A1E9008BE52C /* Assets.xcassets */ = {isa = PBXFileReference; lastKnownFileType = folder.assetcatalog; path = Assets.xcassets; sourceTree = "<group>"; };
		BD7BADA32C79A1E9008BE52C /* Base */ = {isa = PBXFileReference; lastKnownFileType = file.storyboard; name = Base; path = Base.lproj/LaunchScreen.storyboard; sourceTree = "<group>"; };
		BD7BADA52C79A1E9008BE52C /* Info.plist */ = {isa = PBXFileReference; lastKnownFileType = text.plist.xml; path = Info.plist; sourceTree = "<group>"; };
		BD7BADAB2C79A27B008BE52C /* SDKConstants.swift */ = {isa = PBXFileReference; fileEncoding = 4; lastKnownFileType = sourcecode.swift; path = SDKConstants.swift; sourceTree = "<group>"; };
		BD7BADAD2C79A28A008BE52C /* MyLocationViewController.swift */ = {isa = PBXFileReference; fileEncoding = 4; lastKnownFileType = sourcecode.swift; path = MyLocationViewController.swift; sourceTree = "<group>"; };
		BD7BAEA92C79D505008BE52C /* de */ = {isa = PBXFileReference; lastKnownFileType = text.plist.strings; name = de; path = de.lproj/InfoPlist.strings; sourceTree = "<group>"; };
		BD7BAEAA2C79D505008BE52C /* step5.png */ = {isa = PBXFileReference; lastKnownFileType = image.png; path = step5.png; sourceTree = "<group>"; };
		BD7BAEAB2C79D505008BE52C /* he */ = {isa = PBXFileReference; lastKnownFileType = text.plist.strings; name = he; path = he.lproj/InfoPlist.strings; sourceTree = "<group>"; };
		BD7BAEAC2C79D505008BE52C /* step1@2x.png */ = {isa = PBXFileReference; lastKnownFileType = image.png; path = "step1@2x.png"; sourceTree = "<group>"; };
		BD7BAEAD2C79D505008BE52C /* ar */ = {isa = PBXFileReference; lastKnownFileType = text.plist.strings; name = ar; path = ar.lproj/InfoPlist.strings; sourceTree = "<group>"; };
		BD7BAEAE2C79D505008BE52C /* step4.png */ = {isa = PBXFileReference; lastKnownFileType = image.png; path = step4.png; sourceTree = "<group>"; };
		BD7BAEAF2C79D505008BE52C /* el */ = {isa = PBXFileReference; lastKnownFileType = text.plist.strings; name = el; path = el.lproj/InfoPlist.strings; sourceTree = "<group>"; };
		BD7BAEB02C79D505008BE52C /* argentina.png */ = {isa = PBXFileReference; lastKnownFileType = image.png; path = argentina.png; sourceTree = "<group>"; };
		BD7BAEB12C79D505008BE52C /* ja */ = {isa = PBXFileReference; lastKnownFileType = text.plist.strings; name = ja; path = ja.lproj/InfoPlist.strings; sourceTree = "<group>"; };
		BD7BAEB22C79D505008BE52C /* boat.png */ = {isa = PBXFileReference; lastKnownFileType = image.png; path = boat.png; sourceTree = "<group>"; };
		BD7BAEB32C79D505008BE52C /* aeroplane@2x.png */ = {isa = PBXFileReference; lastKnownFileType = image.png; path = "aeroplane@2x.png"; sourceTree = "<group>"; };
		BD7BAEB42C79D505008BE52C /* step6.png */ = {isa = PBXFileReference; lastKnownFileType = image.png; path = step6.png; sourceTree = "<group>"; };
		BD7BAEB52C79D505008BE52C /* mapstyle-night.json */ = {isa = PBXFileReference; fileEncoding = 4; lastKnownFileType = text.json; path = "mapstyle-night.json"; sourceTree = "<group>"; };
		BD7BAEB62C79D505008BE52C /* en */ = {isa = PBXFileReference; lastKnownFileType = text.plist.strings; name = en; path = en.lproj/InfoPlist.strings; sourceTree = "<group>"; };
		BD7BAEB82C79D505008BE52C /* step7.png */ = {isa = PBXFileReference; lastKnownFileType = image.png; path = step7.png; sourceTree = "<group>"; };
		BD7BAEB92C79D505008BE52C /* walking_dot@3x.png */ = {isa = PBXFileReference; lastKnownFileType = image.png; path = "walking_dot@3x.png"; sourceTree = "<group>"; };
		BD7BAEBA2C79D505008BE52C /* uk */ = {isa = PBXFileReference; lastKnownFileType = text.plist.strings; name = uk; path = uk.lproj/InfoPlist.strings; sourceTree = "<group>"; };
		BD7BAEBB2C79D505008BE52C /* aeroplane.png */ = {isa = PBXFileReference; lastKnownFileType = image.png; path = aeroplane.png; sourceTree = "<group>"; };
		BD7BAEBC2C79D505008BE52C /* newark_nj_1922.jpg */ = {isa = PBXFileReference; lastKnownFileType = image.jpeg; path = newark_nj_1922.jpg; sourceTree = "<group>"; };
		BD7BAEBD2C79D505008BE52C /* botswana-large.png */ = {isa = PBXFileReference; lastKnownFileType = image.png; path = "botswana-large.png"; sourceTree = "<group>"; };
		BD7BAEBE2C79D505008BE52C /* zh_CN */ = {isa = PBXFileReference; lastKnownFileType = text.plist.strings; name = zh_CN; path = zh_CN.lproj/InfoPlist.strings; sourceTree = "<group>"; };
		BD7BAEBF2C79D505008BE52C /* step3.png */ = {isa = PBXFileReference; lastKnownFileType = image.png; path = step3.png; sourceTree = "<group>"; };
		BD7BAEC02C79D505008BE52C /* walking_dot@2x.png */ = {isa = PBXFileReference; lastKnownFileType = image.png; path = "walking_dot@2x.png"; sourceTree = "<group>"; };
		BD7BAEC12C79D505008BE52C /* step2.png */ = {isa = PBXFileReference; lastKnownFileType = image.png; path = step2.png; sourceTree = "<group>"; };
		BD7BAEC22C79D505008BE52C /* nb */ = {isa = PBXFileReference; lastKnownFileType = text.plist.strings; name = nb; path = nb.lproj/InfoPlist.strings; sourceTree = "<group>"; };
		BD7BAEC32C79D505008BE52C /* popup_santa@2x.png */ = {isa = PBXFileReference; lastKnownFileType = image.png; path = "popup_santa@2x.png"; sourceTree = "<group>"; };
		BD7BAEC42C79D505008BE52C /* es */ = {isa = PBXFileReference; lastKnownFileType = text.plist.strings; name = es; path = es.lproj/InfoPlist.strings; sourceTree = "<group>"; };
		BD7BAEC52C79D505008BE52C /* glow-marker.png */ = {isa = PBXFileReference; lastKnownFileType = image.png; path = "glow-marker.png"; sourceTree = "<group>"; };
		BD7BAEC62C79D505008BE52C /* step1.png */ = {isa = PBXFileReference; lastKnownFileType = image.png; path = step1.png; sourceTree = "<group>"; };
		BD7BAEC72C79D505008BE52C /* da */ = {isa = PBXFileReference; lastKnownFileType = text.plist.strings; name = da; path = da.lproj/InfoPlist.strings; sourceTree = "<group>"; };
		BD7BAEC82C79D505008BE52C /* step3@2x.png */ = {isa = PBXFileReference; lastKnownFileType = image.png; path = "step3@2x.png"; sourceTree = "<group>"; };
		BD7BAEC92C79D505008BE52C /* mapstyle-retro.json */ = {isa = PBXFileReference; fileEncoding = 4; lastKnownFileType = text.json; path = "mapstyle-retro.json"; sourceTree = "<group>"; };
		BD7BAECA2C79D505008BE52C /* it */ = {isa = PBXFileReference; lastKnownFileType = text.plist.strings; name = it; path = it.lproj/InfoPlist.strings; sourceTree = "<group>"; };
		BD7BAECB2C79D505008BE52C /* australia.png */ = {isa = PBXFileReference; lastKnownFileType = image.png; path = australia.png; sourceTree = "<group>"; };
		BD7BAECC2C79D505008BE52C /* sk */ = {isa = PBXFileReference; lastKnownFileType = text.plist.strings; name = sk; path = sk.lproj/InfoPlist.strings; sourceTree = "<group>"; };
		BD7BAECD2C79D505008BE52C /* pt_PT */ = {isa = PBXFileReference; lastKnownFileType = text.plist.strings; name = pt_PT; path = pt_PT.lproj/InfoPlist.strings; sourceTree = "<group>"; };
		BD7BAECE2C79D505008BE52C /* step7@2x.png */ = {isa = PBXFileReference; lastKnownFileType = image.png; path = "step7@2x.png"; sourceTree = "<group>"; };
		BD7BAECF2C79D505008BE52C /* arrow@2x.png */ = {isa = PBXFileReference; lastKnownFileType = image.png; path = "arrow@2x.png"; sourceTree = "<group>"; };
		BD7BAED02C79D505008BE52C /* glow-marker@2x.png */ = {isa = PBXFileReference; lastKnownFileType = image.png; path = "glow-marker@2x.png"; sourceTree = "<group>"; };
		BD7BAED12C79D505008BE52C /* ms */ = {isa = PBXFileReference; lastKnownFileType = text.plist.strings; name = ms; path = ms.lproj/InfoPlist.strings; sourceTree = "<group>"; };
		BD7BAED22C79D505008BE52C /* sv */ = {isa = PBXFileReference; lastKnownFileType = text.plist.strings; name = sv; path = sv.lproj/InfoPlist.strings; sourceTree = "<group>"; };
		BD7BAED32C79D505008BE52C /* step5@2x.png */ = {isa = PBXFileReference; lastKnownFileType = image.png; path = "step5@2x.png"; sourceTree = "<group>"; };
		BD7BAED42C79D505008BE52C /* australia-large@2x.png */ = {isa = PBXFileReference; lastKnownFileType = image.png; path = "australia-large@2x.png"; sourceTree = "<group>"; };
		BD7BAED52C79D505008BE52C /* arrow.png */ = {isa = PBXFileReference; lastKnownFileType = image.png; path = arrow.png; sourceTree = "<group>"; };
		BD7BAED62C79D505008BE52C /* cs */ = {isa = PBXFileReference; lastKnownFileType = text.plist.strings; name = cs; path = cs.lproj/InfoPlist.strings; sourceTree = "<group>"; };
		BD7BAED72C79D505008BE52C /* ko */ = {isa = PBXFileReference; lastKnownFileType = text.plist.strings; name = ko; path = ko.lproj/InfoPlist.strings; sourceTree = "<group>"; };
		BD7BAED82C79D505008BE52C /* boat@2x.png */ = {isa = PBXFileReference; lastKnownFileType = image.png; path = "boat@2x.png"; sourceTree = "<group>"; };
		BD7BAED92C79D505008BE52C /* hu */ = {isa = PBXFileReference; lastKnownFileType = text.plist.strings; name = hu; path = hu.lproj/InfoPlist.strings; sourceTree = "<group>"; };
		BD7BAEDB2C79D505008BE52C /* x29@2x.png */ = {isa = PBXFileReference; lastKnownFileType = image.png; path = "x29@2x.png"; sourceTree = "<group>"; };
		BD7BAEDC2C79D505008BE52C /* spitfire.png */ = {isa = PBXFileReference; lastKnownFileType = image.png; path = spitfire.png; sourceTree = "<group>"; };
		BD7BAEDD2C79D505008BE52C /* h1@2x.png */ = {isa = PBXFileReference; lastKnownFileType = image.png; path = "h1@2x.png"; sourceTree = "<group>"; };
		BD7BAEDE2C79D505008BE52C /* spitfire@2x.png */ = {isa = PBXFileReference; lastKnownFileType = image.png; path = "spitfire@2x.png"; sourceTree = "<group>"; };
		BD7BAEDF2C79D505008BE52C /* h1.png */ = {isa = PBXFileReference; lastKnownFileType = image.png; path = h1.png; sourceTree = "<group>"; };
		BD7BAEE02C79D505008BE52C /* voyager.png */ = {isa = PBXFileReference; lastKnownFileType = image.png; path = voyager.png; sourceTree = "<group>"; };
		BD7BAEE12C79D505008BE52C /* x29.png */ = {isa = PBXFileReference; lastKnownFileType = image.png; path = x29.png; sourceTree = "<group>"; };
		BD7BAEE22C79D505008BE52C /* voyager@2x.png */ = {isa = PBXFileReference; lastKnownFileType = image.png; path = "voyager@2x.png"; sourceTree = "<group>"; };
		BD7BAEE32C79D505008BE52C /* bulgaria.png */ = {isa = PBXFileReference; lastKnownFileType = image.png; path = bulgaria.png; sourceTree = "<group>"; };
		BD7BAEE42C79D505008BE52C /* bulgaria-large.png */ = {isa = PBXFileReference; lastKnownFileType = image.png; path = "bulgaria-large.png"; sourceTree = "<group>"; };
		BD7BAEE52C79D505008BE52C /* tr */ = {isa = PBXFileReference; lastKnownFileType = text.plist.strings; name = tr; path = tr.lproj/InfoPlist.strings; sourceTree = "<group>"; };
		BD7BAEE62C79D505008BE52C /* argentina-large.png */ = {isa = PBXFileReference; lastKnownFileType = image.png; path = "argentina-large.png"; sourceTree = "<group>"; };
		BD7BAEE72C79D505008BE52C /* pl */ = {isa = PBXFileReference; lastKnownFileType = text.plist.strings; name = pl; path = pl.lproj/InfoPlist.strings; sourceTree = "<group>"; };
		BD7BAEE82C79D505008BE52C /* zh_TW */ = {isa = PBXFileReference; lastKnownFileType = text.plist.strings; name = zh_TW; path = zh_TW.lproj/InfoPlist.strings; sourceTree = "<group>"; };
		BD7BAEE92C79D505008BE52C /* en_GB */ = {isa = PBXFileReference; lastKnownFileType = text.plist.strings; name = en_GB; path = en_GB.lproj/InfoPlist.strings; sourceTree = "<group>"; };
		BD7BAEEA2C79D505008BE52C /* step2@2x.png */ = {isa = PBXFileReference; lastKnownFileType = image.png; path = "step2@2x.png"; sourceTree = "<group>"; };
		BD7BAEEB2C79D505008BE52C /* vi */ = {isa = PBXFileReference; lastKnownFileType = text.plist.strings; name = vi; path = vi.lproj/InfoPlist.strings; sourceTree = "<group>"; };
		BD7BAEEC2C79D505008BE52C /* popup_santa.png */ = {isa = PBXFileReference; lastKnownFileType = image.png; path = popup_santa.png; sourceTree = "<group>"; };
		BD7BAEED2C79D505008BE52C /* ru */ = {isa = PBXFileReference; lastKnownFileType = text.plist.strings; name = ru; path = ru.lproj/InfoPlist.strings; sourceTree = "<group>"; };
		BD7BAEEE2C79D505008BE52C /* mapstyle-silver.json */ = {isa = PBXFileReference; fileEncoding = 4; lastKnownFileType = text.json; path = "mapstyle-silver.json"; sourceTree = "<group>"; };
		BD7BAEEF2C79D505008BE52C /* step6@2x.png */ = {isa = PBXFileReference; lastKnownFileType = image.png; path = "step6@2x.png"; sourceTree = "<group>"; };
		BD7BAEF02C79D505008BE52C /* fr */ = {isa = PBXFileReference; lastKnownFileType = text.plist.strings; name = fr; path = fr.lproj/InfoPlist.strings; sourceTree = "<group>"; };
		BD7BAEF12C79D505008BE52C /* fi */ = {isa = PBXFileReference; lastKnownFileType = text.plist.strings; name = fi; path = fi.lproj/InfoPlist.strings; sourceTree = "<group>"; };
		BD7BAEF22C79D505008BE52C /* track.json */ = {isa = PBXFileReference; fileEncoding = 4; lastKnownFileType = text.json; path = track.json; sourceTree = "<group>"; };
		BD7BAEF32C79D505008BE52C /* id */ = {isa = PBXFileReference; lastKnownFileType = text.plist.strings; name = id; path = id.lproj/InfoPlist.strings; sourceTree = "<group>"; };
		BD7BAEF42C79D505008BE52C /* nl */ = {isa = PBXFileReference; lastKnownFileType = text.plist.strings; name = nl; path = nl.lproj/InfoPlist.strings; sourceTree = "<group>"; };
		BD7BAEF52C79D505008BE52C /* th */ = {isa = PBXFileReference; lastKnownFileType = text.plist.strings; name = th; path = th.lproj/InfoPlist.strings; sourceTree = "<group>"; };
		BD7BAEF62C79D505008BE52C /* pt */ = {isa = PBXFileReference; lastKnownFileType = text.plist.strings; name = pt; path = pt.lproj/InfoPlist.strings; sourceTree = "<group>"; };
		BD7BAEF72C79D505008BE52C /* ro */ = {isa = PBXFileReference; lastKnownFileType = text.plist.strings; name = ro; path = ro.lproj/InfoPlist.strings; sourceTree = "<group>"; };
		BD7BAEF82C79D505008BE52C /* museum-exhibits.json */ = {isa = PBXFileReference; fileEncoding = 4; lastKnownFileType = text.json; path = "museum-exhibits.json"; sourceTree = "<group>"; };
		BD7BAEF92C79D505008BE52C /* step8@2x.png */ = {isa = PBXFileReference; lastKnownFileType = image.png; path = "step8@2x.png"; sourceTree = "<group>"; };
		BD7BAEFA2C79D505008BE52C /* hr */ = {isa = PBXFileReference; lastKnownFileType = text.plist.strings; name = hr; path = hr.lproj/InfoPlist.strings; sourceTree = "<group>"; };
		BD7BAEFB2C79D505008BE52C /* step8.png */ = {isa = PBXFileReference; lastKnownFileType = image.png; path = step8.png; sourceTree = "<group>"; };
		BD7BAEFC2C79D505008BE52C /* australia-large.png */ = {isa = PBXFileReference; lastKnownFileType = image.png; path = "australia-large.png"; sourceTree = "<group>"; };
		BD7BAEFD2C79D505008BE52C /* ca */ = {isa = PBXFileReference; lastKnownFileType = text.plist.strings; name = ca; path = ca.lproj/InfoPlist.strings; sourceTree = "<group>"; };
		BD7BAEFE2C79D505008BE52C /* botswana.png */ = {isa = PBXFileReference; lastKnownFileType = image.png; path = botswana.png; sourceTree = "<group>"; };
		BD7BAEFF2C79D505008BE52C /* step4@2x.png */ = {isa = PBXFileReference; lastKnownFileType = image.png; path = "step4@2x.png"; sourceTree = "<group>"; };
		E0917ADB4E4A18A4A4F5E884 /* Pods-GoogleMap_Demo.release.xcconfig */ = {isa = PBXFileReference; includeInIndex = 1; lastKnownFileType = text.xcconfig; name = "Pods-GoogleMap_Demo.release.xcconfig"; path = "Target Support Files/Pods-GoogleMap_Demo/Pods-GoogleMap_Demo.release.xcconfig"; sourceTree = "<group>"; };
/* End PBXFileReference section */

/* Begin PBXFrameworksBuildPhase section */
		BD7BAD912C79A1E7008BE52C /* Frameworks */ = {
			isa = PBXFrameworksBuildPhase;
			buildActionMask = 2147483647;
			files = (
				9D5EE73E8F8C4D0C7E4E968F /* libPods-GoogleMap_Demo.a in Frameworks */,
			);
			runOnlyForDeploymentPostprocessing = 0;
		};
/* End PBXFrameworksBuildPhase section */

/* Begin PBXGroup section */
		81AAF3835B03D88833C639BD /* Frameworks */ = {
			isa = PBXGroup;
			children = (
				12D9563794ECCB6C94893776 /* libPods-GoogleMap_Demo.a */,
			);
			name = Frameworks;
			sourceTree = "<group>";
		};
		B7FEC34BFB9A4B2D73534C52 /* Pods */ = {
			isa = PBXGroup;
			children = (
				81FCD54670B39A07B81B4704 /* Pods-GoogleMap_Demo.debug.xcconfig */,
				E0917ADB4E4A18A4A4F5E884 /* Pods-GoogleMap_Demo.release.xcconfig */,
			);
			path = Pods;
			sourceTree = "<group>";
		};
		BD7BAD8B2C79A1E7008BE52C = {
			isa = PBXGroup;
			children = (
				BD7BAD962C79A1E7008BE52C /* GoogleMap_Demo */,
				BD7BAD952C79A1E7008BE52C /* Products */,
				B7FEC34BFB9A4B2D73534C52 /* Pods */,
				81AAF3835B03D88833C639BD /* Frameworks */,
			);
			sourceTree = "<group>";
		};
		BD7BAD952C79A1E7008BE52C /* Products */ = {
			isa = PBXGroup;
			children = (
				BD7BAD942C79A1E7008BE52C /* GoogleMap_Demo.app */,
			);
			name = Products;
			sourceTree = "<group>";
		};
		BD7BAD962C79A1E7008BE52C /* GoogleMap_Demo */ = {
			isa = PBXGroup;
			children = (
				BD7BAD972C79A1E7008BE52C /* AppDelegate.swift */,
				BD7BAD992C79A1E7008BE52C /* SceneDelegate.swift */,
				BD7BAD9B2C79A1E7008BE52C /* ViewController.swift */,
				BD7BADAB2C79A27B008BE52C /* SDKConstants.swift */,
				BD7BADAD2C79A28A008BE52C /* MyLocationViewController.swift */,
				BD7BAEA72C79D505008BE52C /* Resources */,
				BD7BAD9D2C79A1E7008BE52C /* Main.storyboard */,
				BD7BADA02C79A1E9008BE52C /* Assets.xcassets */,
				BD7BADA22C79A1E9008BE52C /* LaunchScreen.storyboard */,
				BD7BADA52C79A1E9008BE52C /* Info.plist */,
			);
			path = GoogleMap_Demo;
			sourceTree = "<group>";
		};
		BD7BAEA72C79D505008BE52C /* Resources */ = {
			isa = PBXGroup;
			children = (
				BD7BAEA82C79D505008BE52C /* InfoPlist.strings */,
				BD7BAEAA2C79D505008BE52C /* step5.png */,
				BD7BAEAC2C79D505008BE52C /* step1@2x.png */,
				BD7BAEAE2C79D505008BE52C /* step4.png */,
				BD7BAEB02C79D505008BE52C /* argentina.png */,
				BD7BAEB22C79D505008BE52C /* boat.png */,
				BD7BAEB32C79D505008BE52C /* aeroplane@2x.png */,
				BD7BAEB42C79D505008BE52C /* step6.png */,
				BD7BAEB52C79D505008BE52C /* mapstyle-night.json */,
				BD7BAEB82C79D505008BE52C /* step7.png */,
				BD7BAEB92C79D505008BE52C /* walking_dot@3x.png */,
				BD7BAEBB2C79D505008BE52C /* aeroplane.png */,
				BD7BAEBC2C79D505008BE52C /* newark_nj_1922.jpg */,
				BD7BAEBD2C79D505008BE52C /* botswana-large.png */,
				BD7BAEBF2C79D505008BE52C /* step3.png */,
				BD7BAEC02C79D505008BE52C /* walking_dot@2x.png */,
				BD7BAEC12C79D505008BE52C /* step2.png */,
				BD7BAEC32C79D505008BE52C /* popup_santa@2x.png */,
				BD7BAEC52C79D505008BE52C /* glow-marker.png */,
				BD7BAEC62C79D505008BE52C /* step1.png */,
				BD7BAEC82C79D505008BE52C /* step3@2x.png */,
				BD7BAEC92C79D505008BE52C /* mapstyle-retro.json */,
				BD7BAECB2C79D505008BE52C /* australia.png */,
				BD7BAECE2C79D505008BE52C /* step7@2x.png */,
				BD7BAECF2C79D505008BE52C /* arrow@2x.png */,
				BD7BAED02C79D505008BE52C /* glow-marker@2x.png */,
				BD7BAED32C79D505008BE52C /* step5@2x.png */,
				BD7BAED42C79D505008BE52C /* australia-large@2x.png */,
				BD7BAED52C79D505008BE52C /* arrow.png */,
				BD7BAED82C79D505008BE52C /* boat@2x.png */,
				BD7BAEDA2C79D505008BE52C /* Museum-Icons */,
				BD7BAEE32C79D505008BE52C /* bulgaria.png */,
				BD7BAEE42C79D505008BE52C /* bulgaria-large.png */,
				BD7BAEE62C79D505008BE52C /* argentina-large.png */,
				BD7BAEEA2C79D505008BE52C /* step2@2x.png */,
				BD7BAEEC2C79D505008BE52C /* popup_santa.png */,
				BD7BAEEE2C79D505008BE52C /* mapstyle-silver.json */,
				BD7BAEEF2C79D505008BE52C /* step6@2x.png */,
				BD7BAEF22C79D505008BE52C /* track.json */,
				BD7BAEF82C79D505008BE52C /* museum-exhibits.json */,
				BD7BAEF92C79D505008BE52C /* step8@2x.png */,
				BD7BAEFB2C79D505008BE52C /* step8.png */,
				BD7BAEFC2C79D505008BE52C /* australia-large.png */,
				BD7BAEFE2C79D505008BE52C /* botswana.png */,
				BD7BAEFF2C79D505008BE52C /* step4@2x.png */,
			);
			name = Resources;
			path = "../../../Downloads/maps-sdk-for-ios-samples-main/GoogleMaps-Swift/GoogleMapsSwiftXCFrameworkDemos/Resources";
			sourceTree = "<group>";
		};
		BD7BAEDA2C79D505008BE52C /* Museum-Icons */ = {
			isa = PBXGroup;
			children = (
				BD7BAEDB2C79D505008BE52C /* x29@2x.png */,
				BD7BAEDC2C79D505008BE52C /* spitfire.png */,
				BD7BAEDD2C79D505008BE52C /* h1@2x.png */,
				BD7BAEDE2C79D505008BE52C /* spitfire@2x.png */,
				BD7BAEDF2C79D505008BE52C /* h1.png */,
				BD7BAEE02C79D505008BE52C /* voyager.png */,
				BD7BAEE12C79D505008BE52C /* x29.png */,
				BD7BAEE22C79D505008BE52C /* voyager@2x.png */,
			);
			path = "Museum-Icons";
			sourceTree = "<group>";
		};
/* End PBXGroup section */

/* Begin PBXNativeTarget section */
		BD7BAD932C79A1E7008BE52C /* GoogleMap_Demo */ = {
			isa = PBXNativeTarget;
			buildConfigurationList = BD7BADA82C79A1E9008BE52C /* Build configuration list for PBXNativeTarget "GoogleMap_Demo" */;
			buildPhases = (
				0DAF4A303C837FE876201DFD /* [CP] Check Pods Manifest.lock */,
				BD7BAD902C79A1E7008BE52C /* Sources */,
				BD7BAD912C79A1E7008BE52C /* Frameworks */,
				BD7BAD922C79A1E7008BE52C /* Resources */,
				02B136C1145242CC5FF26244 /* [CP] Copy Pods Resources */,
			);
			buildRules = (
			);
			dependencies = (
			);
			name = GoogleMap_Demo;
			productName = GoogleMap_Demo;
			productReference = BD7BAD942C79A1E7008BE52C /* GoogleMap_Demo.app */;
			productType = "com.apple.product-type.application";
		};
/* End PBXNativeTarget section */

/* Begin PBXProject section */
		BD7BAD8C2C79A1E7008BE52C /* Project object */ = {
			isa = PBXProject;
			attributes = {
				BuildIndependentTargetsInParallel = 1;
				LastSwiftUpdateCheck = 1520;
				LastUpgradeCheck = 1520;
				TargetAttributes = {
					BD7BAD932C79A1E7008BE52C = {
						CreatedOnToolsVersion = 15.2;
					};
				};
			};
			buildConfigurationList = BD7BAD8F2C79A1E7008BE52C /* Build configuration list for PBXProject "GoogleMap_Demo" */;
			compatibilityVersion = "Xcode 14.0";
			developmentRegion = en;
			hasScannedForEncodings = 0;
			knownRegions = (
				en,
				Base,
				de,
				he,
				ar,
				el,
				ja,
				uk,
				zh_CN,
				nb,
				es,
				da,
				it,
				sk,
				pt_PT,
				ms,
				sv,
				cs,
				ko,
				hu,
				tr,
				pl,
				zh_TW,
				en_GB,
				vi,
				ru,
				fr,
				fi,
				id,
				nl,
				th,
				pt,
				ro,
				hr,
				ca,
			);
			mainGroup = BD7BAD8B2C79A1E7008BE52C;
			productRefGroup = BD7BAD952C79A1E7008BE52C /* Products */;
			projectDirPath = "";
			projectRoot = "";
			targets = (
				BD7BAD932C79A1E7008BE52C /* GoogleMap_Demo */,
			);
		};
/* End PBXProject section */

/* Begin PBXResourcesBuildPhase section */
		BD7BAD922C79A1E7008BE52C /* Resources */ = {
			isa = PBXResourcesBuildPhase;
			buildActionMask = 2147483647;
			files = (
				BD7BAF262C79D506008BE52C /* voyager@2x.png in Resources */,
				BD7BAF062C79D505008BE52C /* aeroplane@2x.png in Resources */,
				BD7BAF152C79D506008BE52C /* step3@2x.png in Resources */,
				BD7BAF142C79D506008BE52C /* step1.png in Resources */,
				BD7BAF0D2C79D506008BE52C /* newark_nj_1922.jpg in Resources */,
				BD7BADA42C79A1E9008BE52C /* LaunchScreen.storyboard in Resources */,
				BD7BAF212C79D506008BE52C /* h1@2x.png in Resources */,
				BD7BAF122C79D506008BE52C /* popup_santa@2x.png in Resources */,
				BD7BAF042C79D505008BE52C /* argentina.png in Resources */,
				BD7BAF072C79D505008BE52C /* step6.png in Resources */,
				BD7BAF052C79D505008BE52C /* boat.png in Resources */,
				BD7BAF0F2C79D506008BE52C /* step3.png in Resources */,
				BD7BAF0B2C79D506008BE52C /* walking_dot@3x.png in Resources */,
				BD7BAF222C79D506008BE52C /* spitfire@2x.png in Resources */,
				BD7BAF002C79D505008BE52C /* InfoPlist.strings in Resources */,
				BD7BAF0C2C79D506008BE52C /* aeroplane.png in Resources */,
				BD7BAF282C79D506008BE52C /* bulgaria-large.png in Resources */,
				BD7BAF2E2C79D506008BE52C /* track.json in Resources */,
				BD7BAF1D2C79D506008BE52C /* arrow.png in Resources */,
				BD7BAF2F2C79D506008BE52C /* museum-exhibits.json in Resources */,
				BD7BAF102C79D506008BE52C /* walking_dot@2x.png in Resources */,
				BD7BADA12C79A1E9008BE52C /* Assets.xcassets in Resources */,
				BD7BAF312C79D506008BE52C /* step8.png in Resources */,
				BD7BAF132C79D506008BE52C /* glow-marker.png in Resources */,
				BD7BAF1C2C79D506008BE52C /* australia-large@2x.png in Resources */,
				BD7BAF012C79D505008BE52C /* step5.png in Resources */,
				BD7BAF022C79D505008BE52C /* step1@2x.png in Resources */,
				BD7BAF1A2C79D506008BE52C /* glow-marker@2x.png in Resources */,
				BD7BAF1E2C79D506008BE52C /* boat@2x.png in Resources */,
				BD7BAF172C79D506008BE52C /* australia.png in Resources */,
				BD7BAF232C79D506008BE52C /* h1.png in Resources */,
				BD7BAF322C79D506008BE52C /* australia-large.png in Resources */,
				BD7BAF082C79D505008BE52C /* mapstyle-night.json in Resources */,
				BD7BAF0E2C79D506008BE52C /* botswana-large.png in Resources */,
				BD7BAF302C79D506008BE52C /* step8@2x.png in Resources */,
				BD7BAF162C79D506008BE52C /* mapstyle-retro.json in Resources */,
				BD7BAF1B2C79D506008BE52C /* step5@2x.png in Resources */,
				BD7BAF0A2C79D505008BE52C /* step7.png in Resources */,
				BD7BAF202C79D506008BE52C /* spitfire.png in Resources */,
				BD7BAF252C79D506008BE52C /* x29.png in Resources */,
				BD7BAF332C79D506008BE52C /* botswana.png in Resources */,
				BD7BAF182C79D506008BE52C /* step7@2x.png in Resources */,
				BD7BAF1F2C79D506008BE52C /* x29@2x.png in Resources */,
				BD7BAF242C79D506008BE52C /* voyager.png in Resources */,
				BD7BAF292C79D506008BE52C /* argentina-large.png in Resources */,
				BD7BAF2B2C79D506008BE52C /* popup_santa.png in Resources */,
				BD7BAF2D2C79D506008BE52C /* step6@2x.png in Resources */,
				BD7BAD9F2C79A1E7008BE52C /* Main.storyboard in Resources */,
				BD7BAF342C79D506008BE52C /* step4@2x.png in Resources */,
				BD7BAF272C79D506008BE52C /* bulgaria.png in Resources */,
				BD7BAF112C79D506008BE52C /* step2.png in Resources */,
				BD7BAF032C79D505008BE52C /* step4.png in Resources */,
				BD7BAF2C2C79D506008BE52C /* mapstyle-silver.json in Resources */,
				BD7BAF192C79D506008BE52C /* arrow@2x.png in Resources */,
				BD7BAF2A2C79D506008BE52C /* step2@2x.png in Resources */,
			);
			runOnlyForDeploymentPostprocessing = 0;
		};
/* End PBXResourcesBuildPhase section */

/* Begin PBXShellScriptBuildPhase section */
		02B136C1145242CC5FF26244 /* [CP] Copy Pods Resources */ = {
			isa = PBXShellScriptBuildPhase;
			buildActionMask = 2147483647;
			files = (
			);
			inputFileListPaths = (
				"${PODS_ROOT}/Target Support Files/Pods-GoogleMap_Demo/Pods-GoogleMap_Demo-resources-${CONFIGURATION}-input-files.xcfilelist",
			);
			name = "[CP] Copy Pods Resources";
			outputFileListPaths = (
				"${PODS_ROOT}/Target Support Files/Pods-GoogleMap_Demo/Pods-GoogleMap_Demo-resources-${CONFIGURATION}-output-files.xcfilelist",
			);
			runOnlyForDeploymentPostprocessing = 0;
			shellPath = /bin/sh;
			shellScript = "\"${PODS_ROOT}/Target Support Files/Pods-GoogleMap_Demo/Pods-GoogleMap_Demo-resources.sh\"\n";
			showEnvVarsInLog = 0;
		};
		0DAF4A303C837FE876201DFD /* [CP] Check Pods Manifest.lock */ = {
			isa = PBXShellScriptBuildPhase;
			buildActionMask = 2147483647;
			files = (
			);
			inputFileListPaths = (
			);
			inputPaths = (
				"${PODS_PODFILE_DIR_PATH}/Podfile.lock",
				"${PODS_ROOT}/Manifest.lock",
			);
			name = "[CP] Check Pods Manifest.lock";
			outputFileListPaths = (
			);
			outputPaths = (
				"$(DERIVED_FILE_DIR)/Pods-GoogleMap_Demo-checkManifestLockResult.txt",
			);
			runOnlyForDeploymentPostprocessing = 0;
			shellPath = /bin/sh;
			shellScript = "diff \"${PODS_PODFILE_DIR_PATH}/Podfile.lock\" \"${PODS_ROOT}/Manifest.lock\" > /dev/null\nif [ $? != 0 ] ; then\n    # print error to STDERR\n    echo \"error: The sandbox is not in sync with the Podfile.lock. Run 'pod install' or update your CocoaPods installation.\" >&2\n    exit 1\nfi\n# This output is used by Xcode 'outputs' to avoid re-running this script phase.\necho \"SUCCESS\" > \"${SCRIPT_OUTPUT_FILE_0}\"\n";
			showEnvVarsInLog = 0;
		};
/* End PBXShellScriptBuildPhase section */

/* Begin PBXSourcesBuildPhase section */
		BD7BAD902C79A1E7008BE52C /* Sources */ = {
			isa = PBXSourcesBuildPhase;
			buildActionMask = 2147483647;
			files = (
				BD7BADAC2C79A27B008BE52C /* SDKConstants.swift in Sources */,
				BD7BAD9C2C79A1E7008BE52C /* ViewController.swift in Sources */,
				BD7BAD982C79A1E7008BE52C /* AppDelegate.swift in Sources */,
				BD7BADAE2C79A28A008BE52C /* MyLocationViewController.swift in Sources */,
				BD7BAD9A2C79A1E7008BE52C /* SceneDelegate.swift in Sources */,
			);
			runOnlyForDeploymentPostprocessing = 0;
		};
/* End PBXSourcesBuildPhase section */

/* Begin PBXVariantGroup section */
		BD7BAD9D2C79A1E7008BE52C /* Main.storyboard */ = {
			isa = PBXVariantGroup;
			children = (
				BD7BAD9E2C79A1E7008BE52C /* Base */,
			);
			name = Main.storyboard;
			sourceTree = "<group>";
		};
		BD7BADA22C79A1E9008BE52C /* LaunchScreen.storyboard */ = {
			isa = PBXVariantGroup;
			children = (
				BD7BADA32C79A1E9008BE52C /* Base */,
			);
			name = LaunchScreen.storyboard;
			sourceTree = "<group>";
		};
		BD7BAEA82C79D505008BE52C /* InfoPlist.strings */ = {
			isa = PBXVariantGroup;
			children = (
				BD7BAEA92C79D505008BE52C /* de */,
				BD7BAEAB2C79D505008BE52C /* he */,
				BD7BAEAD2C79D505008BE52C /* ar */,
				BD7BAEAF2C79D505008BE52C /* el */,
				BD7BAEB12C79D505008BE52C /* ja */,
				BD7BAEB62C79D505008BE52C /* en */,
				BD7BAEBA2C79D505008BE52C /* uk */,
				BD7BAEBE2C79D505008BE52C /* zh_CN */,
				BD7BAEC22C79D505008BE52C /* nb */,
				BD7BAEC42C79D505008BE52C /* es */,
				BD7BAEC72C79D505008BE52C /* da */,
				BD7BAECA2C79D505008BE52C /* it */,
				BD7BAECC2C79D505008BE52C /* sk */,
				BD7BAECD2C79D505008BE52C /* pt_PT */,
				BD7BAED12C79D505008BE52C /* ms */,
				BD7BAED22C79D505008BE52C /* sv */,
				BD7BAED62C79D505008BE52C /* cs */,
				BD7BAED72C79D505008BE52C /* ko */,
				BD7BAED92C79D505008BE52C /* hu */,
				BD7BAEE52C79D505008BE52C /* tr */,
				BD7BAEE72C79D505008BE52C /* pl */,
				BD7BAEE82C79D505008BE52C /* zh_TW */,
				BD7BAEE92C79D505008BE52C /* en_GB */,
				BD7BAEEB2C79D505008BE52C /* vi */,
				BD7BAEED2C79D505008BE52C /* ru */,
				BD7BAEF02C79D505008BE52C /* fr */,
				BD7BAEF12C79D505008BE52C /* fi */,
				BD7BAEF32C79D505008BE52C /* id */,
				BD7BAEF42C79D505008BE52C /* nl */,
				BD7BAEF52C79D505008BE52C /* th */,
				BD7BAEF62C79D505008BE52C /* pt */,
				BD7BAEF72C79D505008BE52C /* ro */,
				BD7BAEFA2C79D505008BE52C /* hr */,
				BD7BAEFD2C79D505008BE52C /* ca */,
			);
			name = InfoPlist.strings;
			sourceTree = "<group>";
		};
/* End PBXVariantGroup section */

/* Begin XCBuildConfiguration section */
		BD7BADA62C79A1E9008BE52C /* Debug */ = {
			isa = XCBuildConfiguration;
			buildSettings = {
				ALWAYS_SEARCH_USER_PATHS = NO;
				ASSETCATALOG_COMPILER_GENERATE_SWIFT_ASSET_SYMBOL_EXTENSIONS = YES;
				CLANG_ANALYZER_NONNULL = YES;
				CLANG_ANALYZER_NUMBER_OBJECT_CONVERSION = YES_AGGRESSIVE;
				CLANG_CXX_LANGUAGE_STANDARD = "gnu++20";
				CLANG_ENABLE_MODULES = YES;
				CLANG_ENABLE_OBJC_ARC = YES;
				CLANG_ENABLE_OBJC_WEAK = YES;
				CLANG_WARN_BLOCK_CAPTURE_AUTORELEASING = YES;
				CLANG_WARN_BOOL_CONVERSION = YES;
				CLANG_WARN_COMMA = YES;
				CLANG_WARN_CONSTANT_CONVERSION = YES;
				CLANG_WARN_DEPRECATED_OBJC_IMPLEMENTATIONS = YES;
				CLANG_WARN_DIRECT_OBJC_ISA_USAGE = YES_ERROR;
				CLANG_WARN_DOCUMENTATION_COMMENTS = YES;
				CLANG_WARN_EMPTY_BODY = YES;
				CLANG_WARN_ENUM_CONVERSION = YES;
				CLANG_WARN_INFINITE_RECURSION = YES;
				CLANG_WARN_INT_CONVERSION = YES;
				CLANG_WARN_NON_LITERAL_NULL_CONVERSION = YES;
				CLANG_WARN_OBJC_IMPLICIT_RETAIN_SELF = YES;
				CLANG_WARN_OBJC_LITERAL_CONVERSION = YES;
				CLANG_WARN_OBJC_ROOT_CLASS = YES_ERROR;
				CLANG_WARN_QUOTED_INCLUDE_IN_FRAMEWORK_HEADER = YES;
				CLANG_WARN_RANGE_LOOP_ANALYSIS = YES;
				CLANG_WARN_STRICT_PROTOTYPES = YES;
				CLANG_WARN_SUSPICIOUS_MOVE = YES;
				CLANG_WARN_UNGUARDED_AVAILABILITY = YES_AGGRESSIVE;
				CLANG_WARN_UNREACHABLE_CODE = YES;
				CLANG_WARN__DUPLICATE_METHOD_MATCH = YES;
				COPY_PHASE_STRIP = NO;
				DEBUG_INFORMATION_FORMAT = dwarf;
				ENABLE_STRICT_OBJC_MSGSEND = YES;
				ENABLE_TESTABILITY = YES;
				ENABLE_USER_SCRIPT_SANDBOXING = YES;
				GCC_C_LANGUAGE_STANDARD = gnu17;
				GCC_DYNAMIC_NO_PIC = NO;
				GCC_NO_COMMON_BLOCKS = YES;
				GCC_OPTIMIZATION_LEVEL = 0;
				GCC_PREPROCESSOR_DEFINITIONS = (
					"DEBUG=1",
					"$(inherited)",
				);
				GCC_WARN_64_TO_32_BIT_CONVERSION = YES;
				GCC_WARN_ABOUT_RETURN_TYPE = YES_ERROR;
				GCC_WARN_UNDECLARED_SELECTOR = YES;
				GCC_WARN_UNINITIALIZED_AUTOS = YES_AGGRESSIVE;
				GCC_WARN_UNUSED_FUNCTION = YES;
				GCC_WARN_UNUSED_VARIABLE = YES;
				IPHONEOS_DEPLOYMENT_TARGET = 17.2;
				LOCALIZATION_PREFERS_STRING_CATALOGS = YES;
				MTL_ENABLE_DEBUG_INFO = INCLUDE_SOURCE;
				MTL_FAST_MATH = YES;
				ONLY_ACTIVE_ARCH = YES;
				SDKROOT = iphoneos;
				SWIFT_ACTIVE_COMPILATION_CONDITIONS = "DEBUG $(inherited)";
				SWIFT_OPTIMIZATION_LEVEL = "-Onone";
			};
			name = Debug;
		};
		BD7BADA72C79A1E9008BE52C /* Release */ = {
			isa = XCBuildConfiguration;
			buildSettings = {
				ALWAYS_SEARCH_USER_PATHS = NO;
				ASSETCATALOG_COMPILER_GENERATE_SWIFT_ASSET_SYMBOL_EXTENSIONS = YES;
				CLANG_ANALYZER_NONNULL = YES;
				CLANG_ANALYZER_NUMBER_OBJECT_CONVERSION = YES_AGGRESSIVE;
				CLANG_CXX_LANGUAGE_STANDARD = "gnu++20";
				CLANG_ENABLE_MODULES = YES;
				CLANG_ENABLE_OBJC_ARC = YES;
				CLANG_ENABLE_OBJC_WEAK = YES;
				CLANG_WARN_BLOCK_CAPTURE_AUTORELEASING = YES;
				CLANG_WARN_BOOL_CONVERSION = YES;
				CLANG_WARN_COMMA = YES;
				CLANG_WARN_CONSTANT_CONVERSION = YES;
				CLANG_WARN_DEPRECATED_OBJC_IMPLEMENTATIONS = YES;
				CLANG_WARN_DIRECT_OBJC_ISA_USAGE = YES_ERROR;
				CLANG_WARN_DOCUMENTATION_COMMENTS = YES;
				CLANG_WARN_EMPTY_BODY = YES;
				CLANG_WARN_ENUM_CONVERSION = YES;
				CLANG_WARN_INFINITE_RECURSION = YES;
				CLANG_WARN_INT_CONVERSION = YES;
				CLANG_WARN_NON_LITERAL_NULL_CONVERSION = YES;
				CLANG_WARN_OBJC_IMPLICIT_RETAIN_SELF = YES;
				CLANG_WARN_OBJC_LITERAL_CONVERSION = YES;
				CLANG_WARN_OBJC_ROOT_CLASS = YES_ERROR;
				CLANG_WARN_QUOTED_INCLUDE_IN_FRAMEWORK_HEADER = YES;
				CLANG_WARN_RANGE_LOOP_ANALYSIS = YES;
				CLANG_WARN_STRICT_PROTOTYPES = YES;
				CLANG_WARN_SUSPICIOUS_MOVE = YES;
				CLANG_WARN_UNGUARDED_AVAILABILITY = YES_AGGRESSIVE;
				CLANG_WARN_UNREACHABLE_CODE = YES;
				CLANG_WARN__DUPLICATE_METHOD_MATCH = YES;
				COPY_PHASE_STRIP = NO;
				DEBUG_INFORMATION_FORMAT = "dwarf-with-dsym";
				ENABLE_NS_ASSERTIONS = NO;
				ENABLE_STRICT_OBJC_MSGSEND = YES;
				ENABLE_USER_SCRIPT_SANDBOXING = YES;
				GCC_C_LANGUAGE_STANDARD = gnu17;
				GCC_NO_COMMON_BLOCKS = YES;
				GCC_WARN_64_TO_32_BIT_CONVERSION = YES;
				GCC_WARN_ABOUT_RETURN_TYPE = YES_ERROR;
				GCC_WARN_UNDECLARED_SELECTOR = YES;
				GCC_WARN_UNINITIALIZED_AUTOS = YES_AGGRESSIVE;
				GCC_WARN_UNUSED_FUNCTION = YES;
				GCC_WARN_UNUSED_VARIABLE = YES;
				IPHONEOS_DEPLOYMENT_TARGET = 17.2;
				LOCALIZATION_PREFERS_STRING_CATALOGS = YES;
				MTL_ENABLE_DEBUG_INFO = NO;
				MTL_FAST_MATH = YES;
				SDKROOT = iphoneos;
				SWIFT_COMPILATION_MODE = wholemodule;
				VALIDATE_PRODUCT = YES;
			};
			name = Release;
		};
		BD7BADA92C79A1E9008BE52C /* Debug */ = {
			isa = XCBuildConfiguration;
			baseConfigurationReference = 81FCD54670B39A07B81B4704 /* Pods-GoogleMap_Demo.debug.xcconfig */;
			buildSettings = {
				ASSETCATALOG_COMPILER_APPICON_NAME = AppIcon;
				ASSETCATALOG_COMPILER_GLOBAL_ACCENT_COLOR_NAME = AccentColor;
				CODE_SIGN_STYLE = Automatic;
				CURRENT_PROJECT_VERSION = 1;
				DEVELOPMENT_TEAM = 328B3G364V;
				ENABLE_USER_SCRIPT_SANDBOXING = NO;
				GENERATE_INFOPLIST_FILE = YES;
				INFOPLIST_FILE = GoogleMap_Demo/Info.plist;
				INFOPLIST_KEY_NSLocationWhenInUseUsageDescription = "Privacy - Location When In Use Usage Description";
				INFOPLIST_KEY_UIApplicationSupportsIndirectInputEvents = YES;
				INFOPLIST_KEY_UILaunchStoryboardName = LaunchScreen;
				INFOPLIST_KEY_UIMainStoryboardFile = Main;
				INFOPLIST_KEY_UISupportedInterfaceOrientations_iPad = "UIInterfaceOrientationPortrait UIInterfaceOrientationPortraitUpsideDown UIInterfaceOrientationLandscapeLeft UIInterfaceOrientationLandscapeRight";
				INFOPLIST_KEY_UISupportedInterfaceOrientations_iPhone = "UIInterfaceOrientationPortrait UIInterfaceOrientationLandscapeLeft UIInterfaceOrientationLandscapeRight";
				LD_RUNPATH_SEARCH_PATHS = (
					"$(inherited)",
					"@executable_path/Frameworks",
				);
				MARKETING_VERSION = 1.0;
				PRODUCT_BUNDLE_IDENTIFIER = "---.GoogleMap-Demo";
				PRODUCT_NAME = "$(TARGET_NAME)";
				SWIFT_EMIT_LOC_STRINGS = YES;
				SWIFT_VERSION = 5.0;
				TARGETED_DEVICE_FAMILY = "1,2";
			};
			name = Debug;
		};
		BD7BADAA2C79A1E9008BE52C /* Release */ = {
			isa = XCBuildConfiguration;
			baseConfigurationReference = E0917ADB4E4A18A4A4F5E884 /* Pods-GoogleMap_Demo.release.xcconfig */;
			buildSettings = {
				ASSETCATALOG_COMPILER_APPICON_NAME = AppIcon;
				ASSETCATALOG_COMPILER_GLOBAL_ACCENT_COLOR_NAME = AccentColor;
				CODE_SIGN_STYLE = Automatic;
				CURRENT_PROJECT_VERSION = 1;
				DEVELOPMENT_TEAM = 328B3G364V;
				ENABLE_USER_SCRIPT_SANDBOXING = NO;
				GENERATE_INFOPLIST_FILE = YES;
				INFOPLIST_FILE = GoogleMap_Demo/Info.plist;
				INFOPLIST_KEY_NSLocationWhenInUseUsageDescription = "Privacy - Location When In Use Usage Description";
				INFOPLIST_KEY_UIApplicationSupportsIndirectInputEvents = YES;
				INFOPLIST_KEY_UILaunchStoryboardName = LaunchScreen;
				INFOPLIST_KEY_UIMainStoryboardFile = Main;
				INFOPLIST_KEY_UISupportedInterfaceOrientations_iPad = "UIInterfaceOrientationPortrait UIInterfaceOrientationPortraitUpsideDown UIInterfaceOrientationLandscapeLeft UIInterfaceOrientationLandscapeRight";
				INFOPLIST_KEY_UISupportedInterfaceOrientations_iPhone = "UIInterfaceOrientationPortrait UIInterfaceOrientationLandscapeLeft UIInterfaceOrientationLandscapeRight";
				LD_RUNPATH_SEARCH_PATHS = (
					"$(inherited)",
					"@executable_path/Frameworks",
				);
				MARKETING_VERSION = 1.0;
				PRODUCT_BUNDLE_IDENTIFIER = "---.GoogleMap-Demo";
				PRODUCT_NAME = "$(TARGET_NAME)";
				SWIFT_EMIT_LOC_STRINGS = YES;
				SWIFT_VERSION = 5.0;
				TARGETED_DEVICE_FAMILY = "1,2";
			};
			name = Release;
		};
/* End XCBuildConfiguration section */

/* Begin XCConfigurationList section */
		BD7BAD8F2C79A1E7008BE52C /* Build configuration list for PBXProject "GoogleMap_Demo" */ = {
			isa = XCConfigurationList;
			buildConfigurations = (
				BD7BADA62C79A1E9008BE52C /* Debug */,
				BD7BADA72C79A1E9008BE52C /* Release */,
			);
			defaultConfigurationIsVisible = 0;
			defaultConfigurationName = Release;
		};
		BD7BADA82C79A1E9008BE52C /* Build configuration list for PBXNativeTarget "GoogleMap_Demo" */ = {
			isa = XCConfigurationList;
			buildConfigurations = (
				BD7BADA92C79A1E9008BE52C /* Debug */,
				BD7BADAA2C79A1E9008BE52C /* Release */,
			);
			defaultConfigurationIsVisible = 0;
			defaultConfigurationName = Release;
		};
/* End XCConfigurationList section */
	};
	rootObject = BD7BAD8C2C79A1E7008BE52C /* Project object */;
}
